
Microsoft Visual Studio Solution File, Format Version 12.00
# Visual Studio Version 17
VisualStudioVersion = 17.13.35931.197
MinimumVisualStudioVersion = 10.0.40219.1
Project("{FAE04EC0-301F-11D3-BF4B-00C04F79EFBC}") = "KLCN060.Domain", "KLCN060.Domain\KLCN060.Domain.csproj", "{ACF10AFE-59E3-459F-A475-C680270467C2}"
EndProject
Project("{FAE04EC0-301F-11D3-BF4B-00C04F79EFBC}") = "KLCN060.Infrastructure", "KLCN060.Infrastructure\KLCN060.Infrastructure.csproj", "{451E8D16-3DBE-441D-BDC7-A5987C4CDA52}"
EndProject
Project("{FAE04EC0-301F-11D3-BF4B-00C04F79EFBC}") = "KLCN060.Api", "KLCN060.Api\KLCN060.Api.csproj", "{E93FBBB4-3274-4C12-AA7A-35CB6A09FBBE}"
EndProject
Project("{FAE04EC0-301F-11D3-BF4B-00C04F79EFBC}") = "KLCN060.Web", "KLCN060.Web\KLCN060.Web.csproj", "{DFFA7982-CF84-4BE8-8E48-6755FE05BEBD}"
EndProject
Project("{FAE04EC0-301F-11D3-BF4B-00C04F79EFBC}") = "KLCN060.Api.Tests", "KLCN060.Api.Tests\KLCN060.Api.Tests.csproj", "{94C31053-AD79-4B23-A928-747B82CF1D99}"
EndProject
Project("{2150E333-8FDC-42A3-9474-1A3956D46DE8}") = "src", "src", "{02EA681E-C7D8-13C7-8484-4AC65E1B71E8}"
EndProject
Project("{2150E333-8FDC-42A3-9474-1A3956D46DE8}") = "tests", "tests", "{C45E6600-FC53-4CE6-8D53-90A2FE8AE35B}"
EndProject
Project("{FAE04EC0-301F-11D3-BF4B-00C04F79EFBC}") = "KLCN060.Desktop", "KLCN060.Desktop\KLCN060.Desktop.csproj", "{AF7B6FFA-3F78-40BA-8057-EEA6194C6F6F}"
EndProject
Global
	GlobalSection(SolutionConfigurationPlatforms) = preSolution
		Debug|Any CPU = Debug|Any CPU
		Release|Any CPU = Release|Any CPU
	EndGlobalSection
	GlobalSection(ProjectConfigurationPlatforms) = postSolution
		{ACF10AFE-59E3-459F-A475-C680270467C2}.Debug|Any CPU.ActiveCfg = Debug|Any CPU
		{ACF10AFE-59E3-459F-A475-C680270467C2}.Debug|Any CPU.Build.0 = Debug|Any CPU
		{ACF10AFE-59E3-459F-A475-C680270467C2}.Release|Any CPU.ActiveCfg = Release|Any CPU
		{ACF10AFE-59E3-459F-A475-C680270467C2}.Release|Any CPU.Build.0 = Release|Any CPU
		{451E8D16-3DBE-441D-BDC7-A5987C4CDA52}.Debug|Any CPU.ActiveCfg = Debug|Any CPU
		{451E8D16-3DBE-441D-BDC7-A5987C4CDA52}.Debug|Any CPU.Build.0 = Debug|Any CPU
		{451E8D16-3DBE-441D-BDC7-A5987C4CDA52}.Release|Any CPU.ActiveCfg = Release|Any CPU
		{451E8D16-3DBE-441D-BDC7-A5987C4CDA52}.Release|Any CPU.Build.0 = Release|Any CPU
		{E93FBBB4-3274-4C12-AA7A-35CB6A09FBBE}.Debug|Any CPU.ActiveCfg = Debug|Any CPU
		{E93FBBB4-3274-4C12-AA7A-35CB6A09FBBE}.Debug|Any CPU.Build.0 = Debug|Any CPU
		{E93FBBB4-3274-4C12-AA7A-35CB6A09FBBE}.Release|Any CPU.ActiveCfg = Release|Any CPU
		{E93FBBB4-3274-4C12-AA7A-35CB6A09FBBE}.Release|Any CPU.Build.0 = Release|Any CPU
		{DFFA7982-CF84-4BE8-8E48-6755FE05BEBD}.Debug|Any CPU.ActiveCfg = Debug|Any CPU
		{DFFA7982-CF84-4BE8-8E48-6755FE05BEBD}.Debug|Any CPU.Build.0 = Debug|Any CPU
		{DFFA7982-CF84-4BE8-8E48-6755FE05BEBD}.Release|Any CPU.ActiveCfg = Release|Any CPU
		{DFFA7982-CF84-4BE8-8E48-6755FE05BEBD}.Release|Any CPU.Build.0 = Release|Any CPU
		{94C31053-AD79-4B23-A928-747B82CF1D99}.Debug|Any CPU.ActiveCfg = Debug|Any CPU
		{94C31053-AD79-4B23-A928-747B82CF1D99}.Debug|Any CPU.Build.0 = Debug|Any CPU
		{94C31053-AD79-4B23-A928-747B82CF1D99}.Release|Any CPU.ActiveCfg = Release|Any CPU
		{94C31053-AD79-4B23-A928-747B82CF1D99}.Release|Any CPU.Build.0 = Release|Any CPU
		{AF7B6FFA-3F78-40BA-8057-EEA6194C6F6F}.Debug|Any CPU.ActiveCfg = Debug|Any CPU
		{AF7B6FFA-3F78-40BA-8057-EEA6194C6F6F}.Debug|Any CPU.Build.0 = Debug|Any CPU
		{AF7B6FFA-3F78-40BA-8057-EEA6194C6F6F}.Release|Any CPU.ActiveCfg = Release|Any CPU
		{AF7B6FFA-3F78-40BA-8057-EEA6194C6F6F}.Release|Any CPU.Build.0 = Release|Any CPU
	EndGlobalSection
	GlobalSection(SolutionProperties) = preSolution
		HideSolutionNode = FALSE
	EndGlobalSection
	GlobalSection(NestedProjects) = preSolution
		{ACF10AFE-59E3-459F-A475-C680270467C2} = {02EA681E-C7D8-13C7-8484-4AC65E1B71E8}
		{451E8D16-3DBE-441D-BDC7-A5987C4CDA52} = {02EA681E-C7D8-13C7-8484-4AC65E1B71E8}
		{E93FBBB4-3274-4C12-AA7A-35CB6A09FBBE} = {02EA681E-C7D8-13C7-8484-4AC65E1B71E8}
		{DFFA7982-CF84-4BE8-8E48-6755FE05BEBD} = {02EA681E-C7D8-13C7-8484-4AC65E1B71E8}
		{94C31053-AD79-4B23-A928-747B82CF1D99} = {C45E6600-FC53-4CE6-8D53-90A2FE8AE35B}
		{AF7B6FFA-3F78-40BA-8057-EEA6194C6F6F} = {02EA681E-C7D8-13C7-8484-4AC65E1B71E8}
	EndGlobalSection
	GlobalSection(ExtensibilityGlobals) = postSolution
		SolutionGuid = {25193901-444C-403D-85E1-C73EC33B93AA}
	EndGlobalSection
EndGlobal
